// !$*UTF8*$!
{
	archiveVersion = 1;
	classes = {
	};
	objectVersion = 56;
	objects = {

/* Begin PBXBuildFile section */
		8F98323229793EE2003456A6 /* AppDelegate.swift in Sources */ = {isa = PBXBuildFile; fileRef = 8F98323129793EE2003456A6 /* AppDelegate.swift */; };
		8F98323429793EE2003456A6 /* Models.scnassets in Resources */ = {isa = PBXBuildFile; fileRef = 8F98323329793EE2003456A6 /* Models.scnassets */; };
		8F98323629793EE2003456A6 /* RoomReviewingViewController.swift in Sources */ = {isa = PBXBuildFile; fileRef = 8F98323529793EE2003456A6 /* RoomReviewingViewController.swift */; };
		8F98323929793EE2003456A6 /* Main.storyboard in Resources */ = {isa = PBXBuildFile; fileRef = 8F98323729793EE2003456A6 /* Main.storyboard */; };
		8F98323B29793EE3003456A6 /* Assets.xcassets in Resources */ = {isa = PBXBuildFile; fileRef = 8F98323A29793EE3003456A6 /* Assets.xcassets */; };
		8F98323E29793EE3003456A6 /* LaunchScreen.storyboard in Resources */ = {isa = PBXBuildFile; fileRef = 8F98323C29793EE3003456A6 /* LaunchScreen.storyboard */; };
		8F9832452979405C003456A6 /* RoomReviewingARView.swift in Sources */ = {isa = PBXBuildFile; fileRef = 8F9832442979405C003456A6 /* RoomReviewingARView.swift */; };
		8F983247297940D0003456A6 /* RoomVirtualObject.swift in Sources */ = {isa = PBXBuildFile; fileRef = 8F983246297940D0003456A6 /* RoomVirtualObject.swift */; };
		8F983249297945CF003456A6 /* FocusSquare.swift in Sources */ = {isa = PBXBuildFile; fileRef = 8F983248297945CF003456A6 /* FocusSquare.swift */; };
		8F98324B297945F9003456A6 /* FocusSquareSegment.swift in Sources */ = {isa = PBXBuildFile; fileRef = 8F98324A297945F9003456A6 /* FocusSquareSegment.swift */; };
		8F98324D297946F2003456A6 /* Utilities.swift in Sources */ = {isa = PBXBuildFile; fileRef = 8F98324C297946F2003456A6 /* Utilities.swift */; };
		8F98324F297948BE003456A6 /* RoomReviewingViewController+ARSCNViewDelegate.swift in Sources */ = {isa = PBXBuildFile; fileRef = 8F98324E297948BE003456A6 /* RoomReviewingViewController+ARSCNViewDelegate.swift */; };
		8F983251297949AF003456A6 /* RoomVirtualObjectLoader.swift in Sources */ = {isa = PBXBuildFile; fileRef = 8F983250297949AF003456A6 /* RoomVirtualObjectLoader.swift */; };
		8F98325329795846003456A6 /* RoomObjectSelectionViewController.swift in Sources */ = {isa = PBXBuildFile; fileRef = 8F98325229795846003456A6 /* RoomObjectSelectionViewController.swift */; };
		8F98325529795BA7003456A6 /* RoomObjectCollectionViewCell.swift in Sources */ = {isa = PBXBuildFile; fileRef = 8F98325429795BA7003456A6 /* RoomObjectCollectionViewCell.swift */; };
		8F983257297969A3003456A6 /* RoomObjectInteraction.swift in Sources */ = {isa = PBXBuildFile; fileRef = 8F983256297969A3003456A6 /* RoomObjectInteraction.swift */; };
		8F98325929796ACA003456A6 /* RoomReviewingViewController + RoomObjectSelectionViewControllerDelegate.swift in Sources */ = {isa = PBXBuildFile; fileRef = 8F98325829796ACA003456A6 /* RoomReviewingViewController + RoomObjectSelectionViewControllerDelegate.swift */; };
		8F983264297981BE003456A6 /* GradientView.swift in Sources */ = {isa = PBXBuildFile; fileRef = 8F983263297981BE003456A6 /* GradientView.swift */; };
		8FC06B51297ABBBD00BF9A72 /* RoomObjectScanningViewController.swift in Sources */ = {isa = PBXBuildFile; fileRef = 8FC06B50297ABBBD00BF9A72 /* RoomObjectScanningViewController.swift */; };
		8FC06B53297AC34F00BF9A72 /* Renderer.swift in Sources */ = {isa = PBXBuildFile; fileRef = 8FC06B52297AC34F00BF9A72 /* Renderer.swift */; };
		8FC06B55297AC53700BF9A72 /* Shaders.metal in Sources */ = {isa = PBXBuildFile; fileRef = 8FC06B54297AC53700BF9A72 /* Shaders.metal */; };
/* End PBXBuildFile section */

/* Begin PBXFileReference section */
		8F98322E29793EE2003456A6 /* RoomPlaner.app */ = {isa = PBXFileReference; explicitFileType = wrapper.application; includeInIndex = 0; path = RoomPlaner.app; sourceTree = BUILT_PRODUCTS_DIR; };
		8F98323129793EE2003456A6 /* AppDelegate.swift */ = {isa = PBXFileReference; lastKnownFileType = sourcecode.swift; path = AppDelegate.swift; sourceTree = "<group>"; };
		8F98323329793EE2003456A6 /* Models.scnassets */ = {isa = PBXFileReference; lastKnownFileType = wrapper.scnassets; path = Models.scnassets; sourceTree = "<group>"; };
		8F98323529793EE2003456A6 /* RoomReviewingViewController.swift */ = {isa = PBXFileReference; lastKnownFileType = sourcecode.swift; path = RoomReviewingViewController.swift; sourceTree = "<group>"; };
		8F98323829793EE2003456A6 /* Base */ = {isa = PBXFileReference; lastKnownFileType = file.storyboard; name = Base; path = Base.lproj/Main.storyboard; sourceTree = "<group>"; };
		8F98323A29793EE3003456A6 /* Assets.xcassets */ = {isa = PBXFileReference; lastKnownFileType = folder.assetcatalog; path = Assets.xcassets; sourceTree = "<group>"; };
		8F98323D29793EE3003456A6 /* Base */ = {isa = PBXFileReference; lastKnownFileType = file.storyboard; name = Base; path = Base.lproj/LaunchScreen.storyboard; sourceTree = "<group>"; };
		8F9832442979405C003456A6 /* RoomReviewingARView.swift */ = {isa = PBXFileReference; lastKnownFileType = sourcecode.swift; path = RoomReviewingARView.swift; sourceTree = "<group>"; };
		8F983246297940D0003456A6 /* RoomVirtualObject.swift */ = {isa = PBXFileReference; lastKnownFileType = sourcecode.swift; path = RoomVirtualObject.swift; sourceTree = "<group>"; };
		8F983248297945CF003456A6 /* FocusSquare.swift */ = {isa = PBXFileReference; lastKnownFileType = sourcecode.swift; path = FocusSquare.swift; sourceTree = "<group>"; };
		8F98324A297945F9003456A6 /* FocusSquareSegment.swift */ = {isa = PBXFileReference; lastKnownFileType = sourcecode.swift; path = FocusSquareSegment.swift; sourceTree = "<group>"; };
		8F98324C297946F2003456A6 /* Utilities.swift */ = {isa = PBXFileReference; lastKnownFileType = sourcecode.swift; path = Utilities.swift; sourceTree = "<group>"; };
		8F98324E297948BE003456A6 /* RoomReviewingViewController+ARSCNViewDelegate.swift */ = {isa = PBXFileReference; lastKnownFileType = sourcecode.swift; path = "RoomReviewingViewController+ARSCNViewDelegate.swift"; sourceTree = "<group>"; };
		8F983250297949AF003456A6 /* RoomVirtualObjectLoader.swift */ = {isa = PBXFileReference; lastKnownFileType = sourcecode.swift; path = RoomVirtualObjectLoader.swift; sourceTree = "<group>"; };
		8F98325229795846003456A6 /* RoomObjectSelectionViewController.swift */ = {isa = PBXFileReference; lastKnownFileType = sourcecode.swift; path = RoomObjectSelectionViewController.swift; sourceTree = "<group>"; };
		8F98325429795BA7003456A6 /* RoomObjectCollectionViewCell.swift */ = {isa = PBXFileReference; lastKnownFileType = sourcecode.swift; path = RoomObjectCollectionViewCell.swift; sourceTree = "<group>"; };
		8F983256297969A3003456A6 /* RoomObjectInteraction.swift */ = {isa = PBXFileReference; lastKnownFileType = sourcecode.swift; path = RoomObjectInteraction.swift; sourceTree = "<group>"; };
		8F98325829796ACA003456A6 /* RoomReviewingViewController + RoomObjectSelectionViewControllerDelegate.swift */ = {isa = PBXFileReference; lastKnownFileType = sourcecode.swift; path = "RoomReviewingViewController + RoomObjectSelectionViewControllerDelegate.swift"; sourceTree = "<group>"; };
		8F983263297981BE003456A6 /* GradientView.swift */ = {isa = PBXFileReference; lastKnownFileType = sourcecode.swift; path = GradientView.swift; sourceTree = "<group>"; };
		8FC06B50297ABBBD00BF9A72 /* RoomObjectScanningViewController.swift */ = {isa = PBXFileReference; lastKnownFileType = sourcecode.swift; path = RoomObjectScanningViewController.swift; sourceTree = "<group>"; };
		8FC06B52297AC34F00BF9A72 /* Renderer.swift */ = {isa = PBXFileReference; lastKnownFileType = sourcecode.swift; path = Renderer.swift; sourceTree = "<group>"; };
		8FC06B54297AC53700BF9A72 /* Shaders.metal */ = {isa = PBXFileReference; lastKnownFileType = sourcecode.metal; path = Shaders.metal; sourceTree = "<group>"; };
/* End PBXFileReference section */

/* Begin PBXFrameworksBuildPhase section */
		8F98322B29793EE2003456A6 /* Frameworks */ = {
			isa = PBXFrameworksBuildPhase;
			buildActionMask = 2147483647;
			files = (
			);
			runOnlyForDeploymentPostprocessing = 0;
		};
/* End PBXFrameworksBuildPhase section */

/* Begin PBXGroup section */
		8F98322529793EE2003456A6 = {
			isa = PBXGroup;
			children = (
				8F98323029793EE2003456A6 /* RoomPlaner */,
				8F98322F29793EE2003456A6 /* Products */,
			);
			sourceTree = "<group>";
		};
		8F98322F29793EE2003456A6 /* Products */ = {
			isa = PBXGroup;
			children = (
				8F98322E29793EE2003456A6 /* RoomPlaner.app */,
			);
			name = Products;
			sourceTree = "<group>";
		};
		8F98323029793EE2003456A6 /* RoomPlaner */ = {
			isa = PBXGroup;
			children = (
				8F98323129793EE2003456A6 /* AppDelegate.swift */,
				8F98323529793EE2003456A6 /* RoomReviewingViewController.swift */,
				8F98325229795846003456A6 /* RoomObjectSelectionViewController.swift */,
				8F98324E297948BE003456A6 /* RoomReviewingViewController+ARSCNViewDelegate.swift */,
				8F98325829796ACA003456A6 /* RoomReviewingViewController + RoomObjectSelectionViewControllerDelegate.swift */,
				8F9832442979405C003456A6 /* RoomReviewingARView.swift */,
				8F983250297949AF003456A6 /* RoomVirtualObjectLoader.swift */,
				8F983246297940D0003456A6 /* RoomVirtualObject.swift */,
				8F983248297945CF003456A6 /* FocusSquare.swift */,
				8F98324A297945F9003456A6 /* FocusSquareSegment.swift */,
				8F98324C297946F2003456A6 /* Utilities.swift */,
				8F98323729793EE2003456A6 /* Main.storyboard */,
				8F98323C29793EE3003456A6 /* LaunchScreen.storyboard */,
				8F98323329793EE2003456A6 /* Models.scnassets */,
				8F98323A29793EE3003456A6 /* Assets.xcassets */,
				8F98325429795BA7003456A6 /* RoomObjectCollectionViewCell.swift */,
				8F983256297969A3003456A6 /* RoomObjectInteraction.swift */,
				8F983263297981BE003456A6 /* GradientView.swift */,
				8FC06B50297ABBBD00BF9A72 /* RoomObjectScanningViewController.swift */,
				8FC06B52297AC34F00BF9A72 /* Renderer.swift */,
				8FC06B54297AC53700BF9A72 /* Shaders.metal */,
			);
			path = RoomPlaner;
			sourceTree = "<group>";
		};
/* End PBXGroup section */

/* Begin PBXNativeTarget section */
		8F98322D29793EE2003456A6 /* RoomPlaner */ = {
			isa = PBXNativeTarget;
			buildConfigurationList = 8F98324129793EE3003456A6 /* Build configuration list for PBXNativeTarget "RoomPlaner" */;
			buildPhases = (
				8F98322A29793EE2003456A6 /* Sources */,
				8F98322B29793EE2003456A6 /* Frameworks */,
				8F98322C29793EE2003456A6 /* Resources */,
			);
			buildRules = (
			);
			dependencies = (
			);
			name = RoomPlaner;
			productName = RoomPlaner;
			productReference = 8F98322E29793EE2003456A6 /* RoomPlaner.app */;
			productType = "com.apple.product-type.application";
		};
/* End PBXNativeTarget section */

/* Begin PBXProject section */
		8F98322629793EE2003456A6 /* Project object */ = {
			isa = PBXProject;
			attributes = {
				BuildIndependentTargetsInParallel = 1;
				LastSwiftUpdateCheck = 1420;
				LastUpgradeCheck = 1420;
				TargetAttributes = {
					8F98322D29793EE2003456A6 = {
						CreatedOnToolsVersion = 14.2;
					};
				};
			};
			buildConfigurationList = 8F98322929793EE2003456A6 /* Build configuration list for PBXProject "RoomPlaner" */;
			compatibilityVersion = "Xcode 14.0";
			developmentRegion = en;
			hasScannedForEncodings = 0;
			knownRegions = (
				en,
				Base,
			);
			mainGroup = 8F98322529793EE2003456A6;
			productRefGroup = 8F98322F29793EE2003456A6 /* Products */;
			projectDirPath = "";
			projectRoot = "";
			targets = (
				8F98322D29793EE2003456A6 /* RoomPlaner */,
			);
		};
/* End PBXProject section */

/* Begin PBXResourcesBuildPhase section */
		8F98322C29793EE2003456A6 /* Resources */ = {
			isa = PBXResourcesBuildPhase;
			buildActionMask = 2147483647;
			files = (
				8F98323429793EE2003456A6 /* Models.scnassets in Resources */,
				8F98323E29793EE3003456A6 /* LaunchScreen.storyboard in Resources */,
				8F98323B29793EE3003456A6 /* Assets.xcassets in Resources */,
				8F98323929793EE2003456A6 /* Main.storyboard in Resources */,
			);
			runOnlyForDeploymentPostprocessing = 0;
		};
/* End PBXResourcesBuildPhase section */

/* Begin PBXSourcesBuildPhase section */
		8F98322A29793EE2003456A6 /* Sources */ = {
			isa = PBXSourcesBuildPhase;
			buildActionMask = 2147483647;
			files = (
				8FC06B53297AC34F00BF9A72 /* Renderer.swift in Sources */,
				8F98323629793EE2003456A6 /* RoomReviewingViewController.swift in Sources */,
				8F98325329795846003456A6 /* RoomObjectSelectionViewController.swift in Sources */,
				8F983249297945CF003456A6 /* FocusSquare.swift in Sources */,
				8FC06B55297AC53700BF9A72 /* Shaders.metal in Sources */,
				8F983251297949AF003456A6 /* RoomVirtualObjectLoader.swift in Sources */,
				8F983264297981BE003456A6 /* GradientView.swift in Sources */,
				8F98324F297948BE003456A6 /* RoomReviewingViewController+ARSCNViewDelegate.swift in Sources */,
				8F98324D297946F2003456A6 /* Utilities.swift in Sources */,
				8FC06B51297ABBBD00BF9A72 /* RoomObjectScanningViewController.swift in Sources */,
				8F98325929796ACA003456A6 /* RoomReviewingViewController + RoomObjectSelectionViewControllerDelegate.swift in Sources */,
				8F98323229793EE2003456A6 /* AppDelegate.swift in Sources */,
				8F9832452979405C003456A6 /* RoomReviewingARView.swift in Sources */,
				8F98324B297945F9003456A6 /* FocusSquareSegment.swift in Sources */,
				8F983247297940D0003456A6 /* RoomVirtualObject.swift in Sources */,
				8F983257297969A3003456A6 /* RoomObjectInteraction.swift in Sources */,
				8F98325529795BA7003456A6 /* RoomObjectCollectionViewCell.swift in Sources */,
			);
			runOnlyForDeploymentPostprocessing = 0;
		};
/* End PBXSourcesBuildPhase section */

/* Begin PBXVariantGroup section */
		8F98323729793EE2003456A6 /* Main.storyboard */ = {
			isa = PBXVariantGroup;
			children = (
				8F98323829793EE2003456A6 /* Base */,
			);
			name = Main.storyboard;
			sourceTree = "<group>";
		};
		8F98323C29793EE3003456A6 /* LaunchScreen.storyboard */ = {
			isa = PBXVariantGroup;
			children = (
				8F98323D29793EE3003456A6 /* Base */,
			);
			name = LaunchScreen.storyboard;
			sourceTree = "<group>";
		};
/* End PBXVariantGroup section */

/* Begin XCBuildConfiguration section */
		8F98323F29793EE3003456A6 /* Debug */ = {
			isa = XCBuildConfiguration;
			buildSettings = {
				ALWAYS_SEARCH_USER_PATHS = NO;
				CLANG_ANALYZER_NONNULL = YES;
				CLANG_ANALYZER_NUMBER_OBJECT_CONVERSION = YES_AGGRESSIVE;
				CLANG_CXX_LANGUAGE_STANDARD = "gnu++20";
				CLANG_ENABLE_MODULES = YES;
				CLANG_ENABLE_OBJC_ARC = YES;
				CLANG_ENABLE_OBJC_WEAK = YES;
				CLANG_WARN_BLOCK_CAPTURE_AUTORELEASING = YES;
				CLANG_WARN_BOOL_CONVERSION = YES;
				CLANG_WARN_COMMA = YES;
				CLANG_WARN_CONSTANT_CONVERSION = YES;
				CLANG_WARN_DEPRECATED_OBJC_IMPLEMENTATIONS = YES;
				CLANG_WARN_DIRECT_OBJC_ISA_USAGE = YES_ERROR;
				CLANG_WARN_DOCUMENTATION_COMMENTS = YES;
				CLANG_WARN_EMPTY_BODY = YES;
				CLANG_WARN_ENUM_CONVERSION = YES;
				CLANG_WARN_INFINITE_RECURSION = YES;
				CLANG_WARN_INT_CONVERSION = YES;
				CLANG_WARN_NON_LITERAL_NULL_CONVERSION = YES;
				CLANG_WARN_OBJC_IMPLICIT_RETAIN_SELF = YES;
				CLANG_WARN_OBJC_LITERAL_CONVERSION = YES;
				CLANG_WARN_OBJC_ROOT_CLASS = YES_ERROR;
				CLANG_WARN_QUOTED_INCLUDE_IN_FRAMEWORK_HEADER = YES;
				CLANG_WARN_RANGE_LOOP_ANALYSIS = YES;
				CLANG_WARN_STRICT_PROTOTYPES = YES;
				CLANG_WARN_SUSPICIOUS_MOVE = YES;
				CLANG_WARN_UNGUARDED_AVAILABILITY = YES_AGGRESSIVE;
				CLANG_WARN_UNREACHABLE_CODE = YES;
				CLANG_WARN__DUPLICATE_METHOD_MATCH = YES;
				COPY_PHASE_STRIP = NO;
				DEBUG_INFORMATION_FORMAT = dwarf;
				ENABLE_STRICT_OBJC_MSGSEND = YES;
				ENABLE_TESTABILITY = YES;
				GCC_C_LANGUAGE_STANDARD = gnu11;
				GCC_DYNAMIC_NO_PIC = NO;
				GCC_NO_COMMON_BLOCKS = YES;
				GCC_OPTIMIZATION_LEVEL = 0;
				GCC_PREPROCESSOR_DEFINITIONS = (
					"DEBUG=1",
					"$(inherited)",
				);
				GCC_WARN_64_TO_32_BIT_CONVERSION = YES;
				GCC_WARN_ABOUT_RETURN_TYPE = YES_ERROR;
				GCC_WARN_UNDECLARED_SELECTOR = YES;
				GCC_WARN_UNINITIALIZED_AUTOS = YES_AGGRESSIVE;
				GCC_WARN_UNUSED_FUNCTION = YES;
				GCC_WARN_UNUSED_VARIABLE = YES;
				IPHONEOS_DEPLOYMENT_TARGET = 16.2;
				MTL_ENABLE_DEBUG_INFO = INCLUDE_SOURCE;
				MTL_FAST_MATH = YES;
				ONLY_ACTIVE_ARCH = YES;
				SDKROOT = iphoneos;
				SWIFT_ACTIVE_COMPILATION_CONDITIONS = DEBUG;
				SWIFT_OPTIMIZATION_LEVEL = "-Onone";
			};
			name = Debug;
		};
		8F98324029793EE3003456A6 /* Release */ = {
			isa = XCBuildConfiguration;
			buildSettings = {
				ALWAYS_SEARCH_USER_PATHS = NO;
				CLANG_ANALYZER_NONNULL = YES;
				CLANG_ANALYZER_NUMBER_OBJECT_CONVERSION = YES_AGGRESSIVE;
				CLANG_CXX_LANGUAGE_STANDARD = "gnu++20";
				CLANG_ENABLE_MODULES = YES;
				CLANG_ENABLE_OBJC_ARC = YES;
				CLANG_ENABLE_OBJC_WEAK = YES;
				CLANG_WARN_BLOCK_CAPTURE_AUTORELEASING = YES;
				CLANG_WARN_BOOL_CONVERSION = YES;
				CLANG_WARN_COMMA = YES;
				CLANG_WARN_CONSTANT_CONVERSION = YES;
				CLANG_WARN_DEPRECATED_OBJC_IMPLEMENTATIONS = YES;
				CLANG_WARN_DIRECT_OBJC_ISA_USAGE = YES_ERROR;
				CLANG_WARN_DOCUMENTATION_COMMENTS = YES;
				CLANG_WARN_EMPTY_BODY = YES;
				CLANG_WARN_ENUM_CONVERSION = YES;
				CLANG_WARN_INFINITE_RECURSION = YES;
				CLANG_WARN_INT_CONVERSION = YES;
				CLANG_WARN_NON_LITERAL_NULL_CONVERSION = YES;
				CLANG_WARN_OBJC_IMPLICIT_RETAIN_SELF = YES;
				CLANG_WARN_OBJC_LITERAL_CONVERSION = YES;
				CLANG_WARN_OBJC_ROOT_CLASS = YES_ERROR;
				CLANG_WARN_QUOTED_INCLUDE_IN_FRAMEWORK_HEADER = YES;
				CLANG_WARN_RANGE_LOOP_ANALYSIS = YES;
				CLANG_WARN_STRICT_PROTOTYPES = YES;
				CLANG_WARN_SUSPICIOUS_MOVE = YES;
				CLANG_WARN_UNGUARDED_AVAILABILITY = YES_AGGRESSIVE;
				CLANG_WARN_UNREACHABLE_CODE = YES;
				CLANG_WARN__DUPLICATE_METHOD_MATCH = YES;
				COPY_PHASE_STRIP = NO;
				DEBUG_INFORMATION_FORMAT = "dwarf-with-dsym";
				ENABLE_NS_ASSERTIONS = NO;
				ENABLE_STRICT_OBJC_MSGSEND = YES;
				GCC_C_LANGUAGE_STANDARD = gnu11;
				GCC_NO_COMMON_BLOCKS = YES;
				GCC_WARN_64_TO_32_BIT_CONVERSION = YES;
				GCC_WARN_ABOUT_RETURN_TYPE = YES_ERROR;
				GCC_WARN_UNDECLARED_SELECTOR = YES;
				GCC_WARN_UNINITIALIZED_AUTOS = YES_AGGRESSIVE;
				GCC_WARN_UNUSED_FUNCTION = YES;
				GCC_WARN_UNUSED_VARIABLE = YES;
				IPHONEOS_DEPLOYMENT_TARGET = 16.2;
				MTL_ENABLE_DEBUG_INFO = NO;
				MTL_FAST_MATH = YES;
				SDKROOT = iphoneos;
				SWIFT_COMPILATION_MODE = wholemodule;
				SWIFT_OPTIMIZATION_LEVEL = "-O";
				VALIDATE_PRODUCT = YES;
			};
			name = Release;
		};
		8F98324229793EE3003456A6 /* Debug */ = {
			isa = XCBuildConfiguration;
			buildSettings = {
				ASSETCATALOG_COMPILER_APPICON_NAME = AppIcon;
				ASSETCATALOG_COMPILER_GLOBAL_ACCENT_COLOR_NAME = AccentColor;
				CODE_SIGN_STYLE = Automatic;
				CURRENT_PROJECT_VERSION = 1;
				DEVELOPMENT_TEAM = 6CZJF7TKN6;
				GENERATE_INFOPLIST_FILE = YES;
				INFOPLIST_KEY_NSCameraUsageDescription = "";
				INFOPLIST_KEY_UIApplicationSupportsIndirectInputEvents = YES;
				INFOPLIST_KEY_UILaunchStoryboardName = LaunchScreen;
				INFOPLIST_KEY_UIMainStoryboardFile = Main;
				INFOPLIST_KEY_UIRequiredDeviceCapabilities = arkit;
				INFOPLIST_KEY_UIRequiresFullScreen = YES;
				INFOPLIST_KEY_UIStatusBarHidden = YES;
				INFOPLIST_KEY_UISupportedInterfaceOrientations = UIInterfaceOrientationPortrait;
				LD_RUNPATH_SEARCH_PATHS = (
					"$(inherited)",
					"@executable_path/Frameworks",
				);
				MARKETING_VERSION = 1.0;
				PRODUCT_BUNDLE_IDENTIFIER = com.hlebushkek.RoomPlaner;
				PRODUCT_NAME = "$(TARGET_NAME)";
				SWIFT_EMIT_LOC_STRINGS = YES;
				SWIFT_VERSION = 5.0;
				TARGETED_DEVICE_FAMILY = "1,2";
			};
			name = Debug;
		};
		8F98324329793EE3003456A6 /* Release */ = {
			isa = XCBuildConfiguration;
			buildSettings = {
				ASSETCATALOG_COMPILER_APPICON_NAME = AppIcon;
				ASSETCATALOG_COMPILER_GLOBAL_ACCENT_COLOR_NAME = AccentColor;
				CODE_SIGN_STYLE = Automatic;
				CURRENT_PROJECT_VERSION = 1;
				DEVELOPMENT_TEAM = 6CZJF7TKN6;
				GENERATE_INFOPLIST_FILE = YES;
				INFOPLIST_KEY_NSCameraUsageDescription = "";
				INFOPLIST_KEY_UIApplicationSupportsIndirectInputEvents = YES;
				INFOPLIST_KEY_UILaunchStoryboardName = LaunchScreen;
				INFOPLIST_KEY_UIMainStoryboardFile = Main;
				INFOPLIST_KEY_UIRequiredDeviceCapabilities = arkit;
				INFOPLIST_KEY_UIRequiresFullScreen = YES;
				INFOPLIST_KEY_UIStatusBarHidden = YES;
				INFOPLIST_KEY_UISupportedInterfaceOrientations = UIInterfaceOrientationPortrait;
				LD_RUNPATH_SEARCH_PATHS = (
					"$(inherited)",
					"@executable_path/Frameworks",
				);
				MARKETING_VERSION = 1.0;
				PRODUCT_BUNDLE_IDENTIFIER = com.hlebushkek.RoomPlaner;
				PRODUCT_NAME = "$(TARGET_NAME)";
				SWIFT_EMIT_LOC_STRINGS = YES;
				SWIFT_VERSION = 5.0;
				TARGETED_DEVICE_FAMILY = "1,2";
			};
			name = Release;
		};
/* End XCBuildConfiguration section */

/* Begin XCConfigurationList section */
		8F98322929793EE2003456A6 /* Build configuration list for PBXProject "RoomPlaner" */ = {
			isa = XCConfigurationList;
			buildConfigurations = (
				8F98323F29793EE3003456A6 /* Debug */,
				8F98324029793EE3003456A6 /* Release */,
			);
			defaultConfigurationIsVisible = 0;
			defaultConfigurationName = Release;
		};
		8F98324129793EE3003456A6 /* Build configuration list for PBXNativeTarget "RoomPlaner" */ = {
			isa = XCConfigurationList;
			buildConfigurations = (
				8F98324229793EE3003456A6 /* Debug */,
				8F98324329793EE3003456A6 /* Release */,
			);
			defaultConfigurationIsVisible = 0;
			defaultConfigurationName = Release;
		};
/* End XCConfigurationList section */
	};
	rootObject = 8F98322629793EE2003456A6 /* Project object */;
}
